
Microsoft Visual Studio Solution File, Format Version 12.00
# Visual Studio Version 17
VisualStudioVersion = 17.3.32505.426
MinimumVisualStudioVersion = 10.0.40219.1
Project("{FAE04EC0-301F-11D3-BF4B-00C04F79EFBC}") = "BudgetPlanner", "BudgetPlanner\BudgetPlanner.csproj", "{A91FB903-6931-4D5B-A44D-2982715A1568}"
	ProjectSection(ProjectDependencies) = postProject
		{50FF67FB-BED4-46CF-8A1F-F6C440916291} = {50FF67FB-BED4-46CF-8A1F-F6C440916291}
	EndProjectSection
EndProject
Project("{9A19103F-16F7-4668-BE54-9A1E7A4F7556}") = "BudgetPlanner.DataAccess", "BudgetPlanner.DataAccess\BudgetPlanner.DataAccess.csproj", "{42DD9752-F68A-4A5C-87B9-F20B3A7DC238}"
	ProjectSection(ProjectDependencies) = postProject
		{50FF67FB-BED4-46CF-8A1F-F6C440916291} = {50FF67FB-BED4-46CF-8A1F-F6C440916291}
		{78AB462D-C210-4878-91BD-EA4F420E69C9} = {78AB462D-C210-4878-91BD-EA4F420E69C9}
		{A4384CE6-766B-44B7-9BA9-C1C660F821EC} = {A4384CE6-766B-44B7-9BA9-C1C660F821EC}
	EndProjectSection
EndProject
Project("{9A19103F-16F7-4668-BE54-9A1E7A4F7556}") = "BudgetPlanner.Models", "BudgetPlanner.Models\BudgetPlanner.Models.csproj", "{A4384CE6-766B-44B7-9BA9-C1C660F821EC}"
	ProjectSection(ProjectDependencies) = postProject
		{78AB462D-C210-4878-91BD-EA4F420E69C9} = {78AB462D-C210-4878-91BD-EA4F420E69C9}
	EndProjectSection
EndProject
Project("{9A19103F-16F7-4668-BE54-9A1E7A4F7556}") = "BudgetPlanner.ViewModels", "BudgetPlanner.ViewModels\BudgetPlanner.ViewModels.csproj", "{50FF67FB-BED4-46CF-8A1F-F6C440916291}"
	ProjectSection(ProjectDependencies) = postProject
		{78AB462D-C210-4878-91BD-EA4F420E69C9} = {78AB462D-C210-4878-91BD-EA4F420E69C9}
	EndProjectSection
EndProject
Project("{9A19103F-16F7-4668-BE54-9A1E7A4F7556}") = "BudgetPlanner.Data", "BudgetPlanner.Data\BudgetPlanner.Data.csproj", "{78AB462D-C210-4878-91BD-EA4F420E69C9}"
EndProject
Project("{9A19103F-16F7-4668-BE54-9A1E7A4F7556}") = "BudgetPlanner.ViewModels.Implementation", "BudgetPlanner.ViewModels.Implementation\BudgetPlanner.ViewModels.Implementation.csproj", "{786297C8-37CE-4200-8F96-C6A7CDF41C39}"
	ProjectSection(ProjectDependencies) = postProject
		{42DD9752-F68A-4A5C-87B9-F20B3A7DC238} = {42DD9752-F68A-4A5C-87B9-F20B3A7DC238}
		{50FF67FB-BED4-46CF-8A1F-F6C440916291} = {50FF67FB-BED4-46CF-8A1F-F6C440916291}
		{78AB462D-C210-4878-91BD-EA4F420E69C9} = {78AB462D-C210-4878-91BD-EA4F420E69C9}
	EndProjectSection
EndProject
Project("{9A19103F-16F7-4668-BE54-9A1E7A4F7556}") = "BudgetPlanner.Services", "BudgetPlanner.Services\BudgetPlanner.Services.csproj", "{B7CB65F5-36C1-43E7-8A89-758729B3988D}"
EndProject
Project("{9A19103F-16F7-4668-BE54-9A1E7A4F7556}") = "BudgetPlanner.DataAccess.Implementation", "BudgetPlanner.DataAccess.Implementation\BudgetPlanner.DataAccess.Implementation.csproj", "{94AB8864-A14C-43DC-9E66-F67C4ED3651D}"
EndProject
Project("{9A19103F-16F7-4668-BE54-9A1E7A4F7556}") = "BudgetPlanner.Utils", "BudgetPlanner.Utils\BudgetPlanner.Utils.csproj", "{9624E73F-6303-476E-946A-811BF5B97F7A}"
EndProject
Global
	GlobalSection(SolutionConfigurationPlatforms) = preSolution
		Debug|Any CPU = Debug|Any CPU
		Debug|ARM = Debug|ARM
		Debug|ARM64 = Debug|ARM64
		Debug|x64 = Debug|x64
		Debug|x86 = Debug|x86
		Release|Any CPU = Release|Any CPU
		Release|ARM = Release|ARM
		Release|ARM64 = Release|ARM64
		Release|x64 = Release|x64
		Release|x86 = Release|x86
	EndGlobalSection
	GlobalSection(ProjectConfigurationPlatforms) = postSolution
		{A91FB903-6931-4D5B-A44D-2982715A1568}.Debug|Any CPU.ActiveCfg = Debug|x64
		{A91FB903-6931-4D5B-A44D-2982715A1568}.Debug|Any CPU.Build.0 = Debug|x64
		{A91FB903-6931-4D5B-A44D-2982715A1568}.Debug|Any CPU.Deploy.0 = Debug|x64
		{A91FB903-6931-4D5B-A44D-2982715A1568}.Debug|ARM.ActiveCfg = Debug|ARM
		{A91FB903-6931-4D5B-A44D-2982715A1568}.Debug|ARM.Build.0 = Debug|ARM
		{A91FB903-6931-4D5B-A44D-2982715A1568}.Debug|ARM.Deploy.0 = Debug|ARM
		{A91FB903-6931-4D5B-A44D-2982715A1568}.Debug|ARM64.ActiveCfg = Debug|ARM64
		{A91FB903-6931-4D5B-A44D-2982715A1568}.Debug|ARM64.Build.0 = Debug|ARM64
		{A91FB903-6931-4D5B-A44D-2982715A1568}.Debug|ARM64.Deploy.0 = Debug|ARM64
		{A91FB903-6931-4D5B-A44D-2982715A1568}.Debug|x64.ActiveCfg = Debug|x64
		{A91FB903-6931-4D5B-A44D-2982715A1568}.Debug|x64.Build.0 = Debug|x64
		{A91FB903-6931-4D5B-A44D-2982715A1568}.Debug|x64.Deploy.0 = Debug|x64
		{A91FB903-6931-4D5B-A44D-2982715A1568}.Debug|x86.ActiveCfg = Debug|x86
		{A91FB903-6931-4D5B-A44D-2982715A1568}.Debug|x86.Build.0 = Debug|x86
		{A91FB903-6931-4D5B-A44D-2982715A1568}.Debug|x86.Deploy.0 = Debug|x86
		{A91FB903-6931-4D5B-A44D-2982715A1568}.Release|Any CPU.ActiveCfg = Release|x64
		{A91FB903-6931-4D5B-A44D-2982715A1568}.Release|Any CPU.Build.0 = Release|x64
		{A91FB903-6931-4D5B-A44D-2982715A1568}.Release|Any CPU.Deploy.0 = Release|x64
		{A91FB903-6931-4D5B-A44D-2982715A1568}.Release|ARM.ActiveCfg = Release|ARM
		{A91FB903-6931-4D5B-A44D-2982715A1568}.Release|ARM.Build.0 = Release|ARM
		{A91FB903-6931-4D5B-A44D-2982715A1568}.Release|ARM.Deploy.0 = Release|ARM
		{A91FB903-6931-4D5B-A44D-2982715A1568}.Release|ARM64.ActiveCfg = Release|ARM64
		{A91FB903-6931-4D5B-A44D-2982715A1568}.Release|ARM64.Build.0 = Release|ARM64
		{A91FB903-6931-4D5B-A44D-2982715A1568}.Release|ARM64.Deploy.0 = Release|ARM64
		{A91FB903-6931-4D5B-A44D-2982715A1568}.Release|x64.ActiveCfg = Release|x64
		{A91FB903-6931-4D5B-A44D-2982715A1568}.Release|x64.Build.0 = Release|x64
		{A91FB903-6931-4D5B-A44D-2982715A1568}.Release|x64.Deploy.0 = Release|x64
		{A91FB903-6931-4D5B-A44D-2982715A1568}.Release|x86.ActiveCfg = Release|x86
		{A91FB903-6931-4D5B-A44D-2982715A1568}.Release|x86.Build.0 = Release|x86
		{A91FB903-6931-4D5B-A44D-2982715A1568}.Release|x86.Deploy.0 = Release|x86
		{42DD9752-F68A-4A5C-87B9-F20B3A7DC238}.Debug|Any CPU.ActiveCfg = Debug|Any CPU
		{42DD9752-F68A-4A5C-87B9-F20B3A7DC238}.Debug|Any CPU.Build.0 = Debug|Any CPU
		{42DD9752-F68A-4A5C-87B9-F20B3A7DC238}.Debug|ARM.ActiveCfg = Debug|Any CPU
		{42DD9752-F68A-4A5C-87B9-F20B3A7DC238}.Debug|ARM.Build.0 = Debug|Any CPU
		{42DD9752-F68A-4A5C-87B9-F20B3A7DC238}.Debug|ARM64.ActiveCfg = Debug|Any CPU
		{42DD9752-F68A-4A5C-87B9-F20B3A7DC238}.Debug|ARM64.Build.0 = Debug|Any CPU
		{42DD9752-F68A-4A5C-87B9-F20B3A7DC238}.Debug|x64.ActiveCfg = Debug|Any CPU
		{42DD9752-F68A-4A5C-87B9-F20B3A7DC238}.Debug|x64.Build.0 = Debug|Any CPU
		{42DD9752-F68A-4A5C-87B9-F20B3A7DC238}.Debug|x86.ActiveCfg = Debug|Any CPU
		{42DD9752-F68A-4A5C-87B9-F20B3A7DC238}.Debug|x86.Build.0 = Debug|Any CPU
		{42DD9752-F68A-4A5C-87B9-F20B3A7DC238}.Release|Any CPU.ActiveCfg = Release|Any CPU
		{42DD9752-F68A-4A5C-87B9-F20B3A7DC238}.Release|Any CPU.Build.0 = Release|Any CPU
		{42DD9752-F68A-4A5C-87B9-F20B3A7DC238}.Release|ARM.ActiveCfg = Release|Any CPU
		{42DD9752-F68A-4A5C-87B9-F20B3A7DC238}.Release|ARM.Build.0 = Release|Any CPU
		{42DD9752-F68A-4A5C-87B9-F20B3A7DC238}.Release|ARM64.ActiveCfg = Release|Any CPU
		{42DD9752-F68A-4A5C-87B9-F20B3A7DC238}.Release|ARM64.Build.0 = Release|Any CPU
		{42DD9752-F68A-4A5C-87B9-F20B3A7DC238}.Release|x64.ActiveCfg = Release|Any CPU
		{42DD9752-F68A-4A5C-87B9-F20B3A7DC238}.Release|x64.Build.0 = Release|Any CPU
		{42DD9752-F68A-4A5C-87B9-F20B3A7DC238}.Release|x86.ActiveCfg = Release|Any CPU
		{42DD9752-F68A-4A5C-87B9-F20B3A7DC238}.Release|x86.Build.0 = Release|Any CPU
		{A4384CE6-766B-44B7-9BA9-C1C660F821EC}.Debug|Any CPU.ActiveCfg = Debug|Any CPU
		{A4384CE6-766B-44B7-9BA9-C1C660F821EC}.Debug|Any CPU.Build.0 = Debug|Any CPU
		{A4384CE6-766B-44B7-9BA9-C1C660F821EC}.Debug|ARM.ActiveCfg = Debug|Any CPU
		{A4384CE6-766B-44B7-9BA9-C1C660F821EC}.Debug|ARM.Build.0 = Debug|Any CPU
		{A4384CE6-766B-44B7-9BA9-C1C660F821EC}.Debug|ARM64.ActiveCfg = Debug|Any CPU
		{A4384CE6-766B-44B7-9BA9-C1C660F821EC}.Debug|ARM64.Build.0 = Debug|Any CPU
		{A4384CE6-766B-44B7-9BA9-C1C660F821EC}.Debug|x64.ActiveCfg = Debug|Any CPU
		{A4384CE6-766B-44B7-9BA9-C1C660F821EC}.Debug|x64.Build.0 = Debug|Any CPU
		{A4384CE6-766B-44B7-9BA9-C1C660F821EC}.Debug|x86.ActiveCfg = Debug|Any CPU
		{A4384CE6-766B-44B7-9BA9-C1C660F821EC}.Debug|x86.Build.0 = Debug|Any CPU
		{A4384CE6-766B-44B7-9BA9-C1C660F821EC}.Release|Any CPU.ActiveCfg = Release|Any CPU
		{A4384CE6-766B-44B7-9BA9-C1C660F821EC}.Release|Any CPU.Build.0 = Release|Any CPU
		{A4384CE6-766B-44B7-9BA9-C1C660F821EC}.Release|ARM.ActiveCfg = Release|Any CPU
		{A4384CE6-766B-44B7-9BA9-C1C660F821EC}.Release|ARM.Build.0 = Release|Any CPU
		{A4384CE6-766B-44B7-9BA9-C1C660F821EC}.Release|ARM64.ActiveCfg = Release|Any CPU
		{A4384CE6-766B-44B7-9BA9-C1C660F821EC}.Release|ARM64.Build.0 = Release|Any CPU
		{A4384CE6-766B-44B7-9BA9-C1C660F821EC}.Release|x64.ActiveCfg = Release|Any CPU
		{A4384CE6-766B-44B7-9BA9-C1C660F821EC}.Release|x64.Build.0 = Release|Any CPU
		{A4384CE6-766B-44B7-9BA9-C1C660F821EC}.Release|x86.ActiveCfg = Release|Any CPU
		{A4384CE6-766B-44B7-9BA9-C1C660F821EC}.Release|x86.Build.0 = Release|Any CPU
		{50FF67FB-BED4-46CF-8A1F-F6C440916291}.Debug|Any CPU.ActiveCfg = Debug|Any CPU
		{50FF67FB-BED4-46CF-8A1F-F6C440916291}.Debug|Any CPU.Build.0 = Debug|Any CPU
		{50FF67FB-BED4-46CF-8A1F-F6C440916291}.Debug|ARM.ActiveCfg = Debug|Any CPU
		{50FF67FB-BED4-46CF-8A1F-F6C440916291}.Debug|ARM.Build.0 = Debug|Any CPU
		{50FF67FB-BED4-46CF-8A1F-F6C440916291}.Debug|ARM64.ActiveCfg = Debug|Any CPU
		{50FF67FB-BED4-46CF-8A1F-F6C440916291}.Debug|ARM64.Build.0 = Debug|Any CPU
		{50FF67FB-BED4-46CF-8A1F-F6C440916291}.Debug|x64.ActiveCfg = Debug|Any CPU
		{50FF67FB-BED4-46CF-8A1F-F6C440916291}.Debug|x64.Build.0 = Debug|Any CPU
		{50FF67FB-BED4-46CF-8A1F-F6C440916291}.Debug|x86.ActiveCfg = Debug|Any CPU
		{50FF67FB-BED4-46CF-8A1F-F6C440916291}.Debug|x86.Build.0 = Debug|Any CPU
		{50FF67FB-BED4-46CF-8A1F-F6C440916291}.Release|Any CPU.ActiveCfg = Release|Any CPU
		{50FF67FB-BED4-46CF-8A1F-F6C440916291}.Release|Any CPU.Build.0 = Release|Any CPU
		{50FF67FB-BED4-46CF-8A1F-F6C440916291}.Release|ARM.ActiveCfg = Release|Any CPU
		{50FF67FB-BED4-46CF-8A1F-F6C440916291}.Release|ARM.Build.0 = Release|Any CPU
		{50FF67FB-BED4-46CF-8A1F-F6C440916291}.Release|ARM64.ActiveCfg = Release|Any CPU
		{50FF67FB-BED4-46CF-8A1F-F6C440916291}.Release|ARM64.Build.0 = Release|Any CPU
		{50FF67FB-BED4-46CF-8A1F-F6C440916291}.Release|x64.ActiveCfg = Release|Any CPU
		{50FF67FB-BED4-46CF-8A1F-F6C440916291}.Release|x64.Build.0 = Release|Any CPU
		{50FF67FB-BED4-46CF-8A1F-F6C440916291}.Release|x86.ActiveCfg = Release|Any CPU
		{50FF67FB-BED4-46CF-8A1F-F6C440916291}.Release|x86.Build.0 = Release|Any CPU
		{78AB462D-C210-4878-91BD-EA4F420E69C9}.Debug|Any CPU.ActiveCfg = Debug|Any CPU
		{78AB462D-C210-4878-91BD-EA4F420E69C9}.Debug|Any CPU.Build.0 = Debug|Any CPU
		{78AB462D-C210-4878-91BD-EA4F420E69C9}.Debug|ARM.ActiveCfg = Debug|Any CPU
		{78AB462D-C210-4878-91BD-EA4F420E69C9}.Debug|ARM.Build.0 = Debug|Any CPU
		{78AB462D-C210-4878-91BD-EA4F420E69C9}.Debug|ARM64.ActiveCfg = Debug|Any CPU
		{78AB462D-C210-4878-91BD-EA4F420E69C9}.Debug|ARM64.Build.0 = Debug|Any CPU
		{78AB462D-C210-4878-91BD-EA4F420E69C9}.Debug|x64.ActiveCfg = Debug|Any CPU
		{78AB462D-C210-4878-91BD-EA4F420E69C9}.Debug|x64.Build.0 = Debug|Any CPU
		{78AB462D-C210-4878-91BD-EA4F420E69C9}.Debug|x86.ActiveCfg = Debug|Any CPU
		{78AB462D-C210-4878-91BD-EA4F420E69C9}.Debug|x86.Build.0 = Debug|Any CPU
		{78AB462D-C210-4878-91BD-EA4F420E69C9}.Release|Any CPU.ActiveCfg = Release|Any CPU
		{78AB462D-C210-4878-91BD-EA4F420E69C9}.Release|Any CPU.Build.0 = Release|Any CPU
		{78AB462D-C210-4878-91BD-EA4F420E69C9}.Release|ARM.ActiveCfg = Release|Any CPU
		{78AB462D-C210-4878-91BD-EA4F420E69C9}.Release|ARM.Build.0 = Release|Any CPU
		{78AB462D-C210-4878-91BD-EA4F420E69C9}.Release|ARM64.ActiveCfg = Release|Any CPU
		{78AB462D-C210-4878-91BD-EA4F420E69C9}.Release|ARM64.Build.0 = Release|Any CPU
		{78AB462D-C210-4878-91BD-EA4F420E69C9}.Release|x64.ActiveCfg = Release|Any CPU
		{78AB462D-C210-4878-91BD-EA4F420E69C9}.Release|x64.Build.0 = Release|Any CPU
		{78AB462D-C210-4878-91BD-EA4F420E69C9}.Release|x86.ActiveCfg = Release|Any CPU
		{78AB462D-C210-4878-91BD-EA4F420E69C9}.Release|x86.Build.0 = Release|Any CPU
		{786297C8-37CE-4200-8F96-C6A7CDF41C39}.Debug|Any CPU.ActiveCfg = Debug|Any CPU
		{786297C8-37CE-4200-8F96-C6A7CDF41C39}.Debug|Any CPU.Build.0 = Debug|Any CPU
		{786297C8-37CE-4200-8F96-C6A7CDF41C39}.Debug|ARM.ActiveCfg = Debug|Any CPU
		{786297C8-37CE-4200-8F96-C6A7CDF41C39}.Debug|ARM.Build.0 = Debug|Any CPU
		{786297C8-37CE-4200-8F96-C6A7CDF41C39}.Debug|ARM64.ActiveCfg = Debug|Any CPU
		{786297C8-37CE-4200-8F96-C6A7CDF41C39}.Debug|ARM64.Build.0 = Debug|Any CPU
		{786297C8-37CE-4200-8F96-C6A7CDF41C39}.Debug|x64.ActiveCfg = Debug|Any CPU
		{786297C8-37CE-4200-8F96-C6A7CDF41C39}.Debug|x64.Build.0 = Debug|Any CPU
		{786297C8-37CE-4200-8F96-C6A7CDF41C39}.Debug|x86.ActiveCfg = Debug|Any CPU
		{786297C8-37CE-4200-8F96-C6A7CDF41C39}.Debug|x86.Build.0 = Debug|Any CPU
		{786297C8-37CE-4200-8F96-C6A7CDF41C39}.Release|Any CPU.ActiveCfg = Release|Any CPU
		{786297C8-37CE-4200-8F96-C6A7CDF41C39}.Release|Any CPU.Build.0 = Release|Any CPU
		{786297C8-37CE-4200-8F96-C6A7CDF41C39}.Release|ARM.ActiveCfg = Release|Any CPU
		{786297C8-37CE-4200-8F96-C6A7CDF41C39}.Release|ARM.Build.0 = Release|Any CPU
		{786297C8-37CE-4200-8F96-C6A7CDF41C39}.Release|ARM64.ActiveCfg = Release|Any CPU
		{786297C8-37CE-4200-8F96-C6A7CDF41C39}.Release|ARM64.Build.0 = Release|Any CPU
		{786297C8-37CE-4200-8F96-C6A7CDF41C39}.Release|x64.ActiveCfg = Release|Any CPU
		{786297C8-37CE-4200-8F96-C6A7CDF41C39}.Release|x64.Build.0 = Release|Any CPU
		{786297C8-37CE-4200-8F96-C6A7CDF41C39}.Release|x86.ActiveCfg = Release|Any CPU
		{786297C8-37CE-4200-8F96-C6A7CDF41C39}.Release|x86.Build.0 = Release|Any CPU
		{B7CB65F5-36C1-43E7-8A89-758729B3988D}.Debug|Any CPU.ActiveCfg = Debug|Any CPU
		{B7CB65F5-36C1-43E7-8A89-758729B3988D}.Debug|Any CPU.Build.0 = Debug|Any CPU
		{B7CB65F5-36C1-43E7-8A89-758729B3988D}.Debug|ARM.ActiveCfg = Debug|Any CPU
		{B7CB65F5-36C1-43E7-8A89-758729B3988D}.Debug|ARM.Build.0 = Debug|Any CPU
		{B7CB65F5-36C1-43E7-8A89-758729B3988D}.Debug|ARM64.ActiveCfg = Debug|Any CPU
		{B7CB65F5-36C1-43E7-8A89-758729B3988D}.Debug|ARM64.Build.0 = Debug|Any CPU
		{B7CB65F5-36C1-43E7-8A89-758729B3988D}.Debug|x64.ActiveCfg = Debug|Any CPU
		{B7CB65F5-36C1-43E7-8A89-758729B3988D}.Debug|x64.Build.0 = Debug|Any CPU
		{B7CB65F5-36C1-43E7-8A89-758729B3988D}.Debug|x86.ActiveCfg = Debug|Any CPU
		{B7CB65F5-36C1-43E7-8A89-758729B3988D}.Debug|x86.Build.0 = Debug|Any CPU
		{B7CB65F5-36C1-43E7-8A89-758729B3988D}.Release|Any CPU.ActiveCfg = Release|Any CPU
		{B7CB65F5-36C1-43E7-8A89-758729B3988D}.Release|Any CPU.Build.0 = Release|Any CPU
		{B7CB65F5-36C1-43E7-8A89-758729B3988D}.Release|ARM.ActiveCfg = Release|Any CPU
		{B7CB65F5-36C1-43E7-8A89-758729B3988D}.Release|ARM.Build.0 = Release|Any CPU
		{B7CB65F5-36C1-43E7-8A89-758729B3988D}.Release|ARM64.ActiveCfg = Release|Any CPU
		{B7CB65F5-36C1-43E7-8A89-758729B3988D}.Release|ARM64.Build.0 = Release|Any CPU
		{B7CB65F5-36C1-43E7-8A89-758729B3988D}.Release|x64.ActiveCfg = Release|Any CPU
		{B7CB65F5-36C1-43E7-8A89-758729B3988D}.Release|x64.Build.0 = Release|Any CPU
		{B7CB65F5-36C1-43E7-8A89-758729B3988D}.Release|x86.ActiveCfg = Release|Any CPU
		{B7CB65F5-36C1-43E7-8A89-758729B3988D}.Release|x86.Build.0 = Release|Any CPU
		{94AB8864-A14C-43DC-9E66-F67C4ED3651D}.Debug|Any CPU.ActiveCfg = Debug|Any CPU
		{94AB8864-A14C-43DC-9E66-F67C4ED3651D}.Debug|Any CPU.Build.0 = Debug|Any CPU
		{94AB8864-A14C-43DC-9E66-F67C4ED3651D}.Debug|ARM.ActiveCfg = Debug|Any CPU
		{94AB8864-A14C-43DC-9E66-F67C4ED3651D}.Debug|ARM.Build.0 = Debug|Any CPU
		{94AB8864-A14C-43DC-9E66-F67C4ED3651D}.Debug|ARM64.ActiveCfg = Debug|Any CPU
		{94AB8864-A14C-43DC-9E66-F67C4ED3651D}.Debug|ARM64.Build.0 = Debug|Any CPU
		{94AB8864-A14C-43DC-9E66-F67C4ED3651D}.Debug|x64.ActiveCfg = Debug|Any CPU
		{94AB8864-A14C-43DC-9E66-F67C4ED3651D}.Debug|x64.Build.0 = Debug|Any CPU
		{94AB8864-A14C-43DC-9E66-F67C4ED3651D}.Debug|x86.ActiveCfg = Debug|Any CPU
		{94AB8864-A14C-43DC-9E66-F67C4ED3651D}.Debug|x86.Build.0 = Debug|Any CPU
		{94AB8864-A14C-43DC-9E66-F67C4ED3651D}.Release|Any CPU.ActiveCfg = Release|Any CPU
		{94AB8864-A14C-43DC-9E66-F67C4ED3651D}.Release|Any CPU.Build.0 = Release|Any CPU
		{94AB8864-A14C-43DC-9E66-F67C4ED3651D}.Release|ARM.ActiveCfg = Release|Any CPU
		{94AB8864-A14C-43DC-9E66-F67C4ED3651D}.Release|ARM.Build.0 = Release|Any CPU
		{94AB8864-A14C-43DC-9E66-F67C4ED3651D}.Release|ARM64.ActiveCfg = Release|Any CPU
		{94AB8864-A14C-43DC-9E66-F67C4ED3651D}.Release|ARM64.Build.0 = Release|Any CPU
		{94AB8864-A14C-43DC-9E66-F67C4ED3651D}.Release|x64.ActiveCfg = Release|Any CPU
		{94AB8864-A14C-43DC-9E66-F67C4ED3651D}.Release|x64.Build.0 = Release|Any CPU
		{94AB8864-A14C-43DC-9E66-F67C4ED3651D}.Release|x86.ActiveCfg = Release|Any CPU
		{94AB8864-A14C-43DC-9E66-F67C4ED3651D}.Release|x86.Build.0 = Release|Any CPU
		{9624E73F-6303-476E-946A-811BF5B97F7A}.Debug|Any CPU.ActiveCfg = Debug|Any CPU
		{9624E73F-6303-476E-946A-811BF5B97F7A}.Debug|Any CPU.Build.0 = Debug|Any CPU
		{9624E73F-6303-476E-946A-811BF5B97F7A}.Debug|ARM.ActiveCfg = Debug|Any CPU
		{9624E73F-6303-476E-946A-811BF5B97F7A}.Debug|ARM.Build.0 = Debug|Any CPU
		{9624E73F-6303-476E-946A-811BF5B97F7A}.Debug|ARM64.ActiveCfg = Debug|Any CPU
		{9624E73F-6303-476E-946A-811BF5B97F7A}.Debug|ARM64.Build.0 = Debug|Any CPU
		{9624E73F-6303-476E-946A-811BF5B97F7A}.Debug|x64.ActiveCfg = Debug|Any CPU
		{9624E73F-6303-476E-946A-811BF5B97F7A}.Debug|x64.Build.0 = Debug|Any CPU
		{9624E73F-6303-476E-946A-811BF5B97F7A}.Debug|x86.ActiveCfg = Debug|Any CPU
		{9624E73F-6303-476E-946A-811BF5B97F7A}.Debug|x86.Build.0 = Debug|Any CPU
		{9624E73F-6303-476E-946A-811BF5B97F7A}.Release|Any CPU.ActiveCfg = Release|Any CPU
		{9624E73F-6303-476E-946A-811BF5B97F7A}.Release|Any CPU.Build.0 = Release|Any CPU
		{9624E73F-6303-476E-946A-811BF5B97F7A}.Release|ARM.ActiveCfg = Release|Any CPU
		{9624E73F-6303-476E-946A-811BF5B97F7A}.Release|ARM.Build.0 = Release|Any CPU
		{9624E73F-6303-476E-946A-811BF5B97F7A}.Release|ARM64.ActiveCfg = Release|Any CPU
		{9624E73F-6303-476E-946A-811BF5B97F7A}.Release|ARM64.Build.0 = Release|Any CPU
		{9624E73F-6303-476E-946A-811BF5B97F7A}.Release|x64.ActiveCfg = Release|Any CPU
		{9624E73F-6303-476E-946A-811BF5B97F7A}.Release|x64.Build.0 = Release|Any CPU
		{9624E73F-6303-476E-946A-811BF5B97F7A}.Release|x86.ActiveCfg = Release|Any CPU
		{9624E73F-6303-476E-946A-811BF5B97F7A}.Release|x86.Build.0 = Release|Any CPU
	EndGlobalSection
	GlobalSection(SolutionProperties) = preSolution
		HideSolutionNode = FALSE
	EndGlobalSection
	GlobalSection(ExtensibilityGlobals) = postSolution
		SolutionGuid = {75ED1A82-1833-436C-A9BC-39A8755B25D5}
	EndGlobalSection
EndGlobal
